
Microsoft Visual Studio Solution File, Format Version 12.00
# Visual Studio Version 16
VisualStudioVersion = 16.0.31321.278
MinimumVisualStudioVersion = 10.0.40219.1
Project("{FAE04EC0-301F-11D3-BF4B-00C04F79EFBC}") = "DankPyon_MedievalOverhaul", "DankPyon_MedievalOverhaul\DankPyon_MedievalOverhaul.csproj", "{016282D6-89E7-48A8-9D33-5847C7266AFD}"
EndProject
Global
	GlobalSection(SolutionConfigurationPlatforms) = preSolution
		Debug|Any CPU = Debug|Any CPU
		Release|Any CPU = Release|Any CPU
	EndGlobalSection
	GlobalSection(ProjectConfigurationPlatforms) = postSolution
		{016282D6-89E7-48A8-9D33-5847C7266AFD}.Debug|Any CPU.ActiveCfg = Debug|Any CPU
		{016282D6-89E7-48A8-9D33-5847C7266AFD}.Debug|Any CPU.Build.0 = Debug|Any CPU
		{016282D6-89E7-48A8-9D33-5847C7266AFD}.Release|Any CPU.ActiveCfg = Release|Any CPU
		{016282D6-89E7-48A8-9D33-5847C7266AFD}.Release|Any CPU.Build.0 = Release|Any CPU
	EndGlobalSection
	GlobalSection(SolutionProperties) = preSolution
		HideSolutionNode = FALSE
	EndGlobalSection
	GlobalSection(ExtensibilityGlobals) = postSolution
		SolutionGuid = {6F68FBBD-4A00-4BDC-B4E1-105981D5E0DA}
	EndGlobalSection
EndGlobal
